
Microsoft Visual Studio Solution File, Format Version 12.00
# Visual Studio Version 16
VisualStudioVersion = 16.0.30204.135
MinimumVisualStudioVersion = 10.0.40219.1
Project("{9A19103F-16F7-4668-BE54-9A1E7A4F7556}") = "ClientV3", "ClientV3.csproj", "{1B0A0ECF-2957-4447-8198-F16BDAB4CDB9}"
EndProject
Global
	GlobalSection(SolutionConfigurationPlatforms) = preSolution
		Debug|Any CPU = Debug|Any CPU
		Release|Any CPU = Release|Any CPU
	EndGlobalSection
	GlobalSection(ProjectConfigurationPlatforms) = postSolution
		{1B0A0ECF-2957-4447-8198-F16BDAB4CDB9}.Debug|Any CPU.ActiveCfg = Debug|Any CPU
		{1B0A0ECF-2957-4447-8198-F16BDAB4CDB9}.Debug|Any CPU.Build.0 = Debug|Any CPU
		{1B0A0ECF-2957-4447-8198-F16BDAB4CDB9}.Release|Any CPU.ActiveCfg = Release|Any CPU
		{1B0A0ECF-2957-4447-8198-F16BDAB4CDB9}.Release|Any CPU.Build.0 = Release|Any CPU
	EndGlobalSection
	GlobalSection(SolutionProperties) = preSolution
		HideSolutionNode = FALSE
	EndGlobalSection
	GlobalSection(ExtensibilityGlobals) = postSolution
		SolutionGuid = {8E044D70-C998-4478-9EE3-4714AB514545}
	EndGlobalSection
EndGlobal
